{
  "originHash" : "1e361219273678fb9dd1b58240a05e5eff7bd21a1d003c23d0fc232b2532a4af",
  "pins" : [
    {
      "identity" : "bindjs-apple-binary",
      "kind" : "remoteSourceControl",
      "location" : "https://github.com/metabindai/bindjs-apple-binary.git",
      "state" : {
        "revision" : "253929074af750835997cd65c057f49aa5305b70",
        "version" : "1.1.7"
      }
    },
    {
      "identity" : "gltfkit2",
      "kind" : "remoteSourceControl",
      "location" : "https://github.com/warrenm/GLTFKit2",
      "state" : {
        "revision" : "c4509232470777e51ecffa626597ff9b4da170f5",
        "version" : "0.5.14"
      }
    }
  ],
  "version" : 3
}
