{
  "originHash" : "7d3ea661d375c2935b2a8bfdeac94e0a574fce342efb7000c8553fb6b0b72eee",
  "pins" : [
    {
      "identity" : "bindjs-apple-binary",
      "kind" : "remoteSourceControl",
      "location" : "https://github.com/metabindai/bindjs-apple-binary.git",
      "state" : {
        "revision" : "5c6cf0b78c4dda6e95aa3c8228fe804217116eef",
        "version" : "1.1.4"
      }
    },
    {
      "identity" : "gltfkit2",
      "kind" : "remoteSourceControl",
      "location" : "https://github.com/warrenm/GLTFKit2",
      "state" : {
        "revision" : "c4509232470777e51ecffa626597ff9b4da170f5",
        "version" : "0.5.14"
      }
    }
  ],
  "version" : 3
}
